{
  "version": 2,
  "dependencies": {
    "net9.0": {
      "Meziantou.Analyzer": {
        "type": "Direct",
        "requested": "[2.0.205, )",
        "resolved": "2.0.205",
        "contentHash": "adw/4fuYeVyu92yHtoKpjtaBe4VVEjc1nMO/Wy2rZ3ZtOGcNvN6SXwJYAxPDUgDPWwAvfoPYE/jO++1sCs3V8w=="
      },
      "Microsoft.NET.ILLink.Tasks": {
        "type": "Direct",
        "requested": "[9.0.6, )",
        "resolved": "9.0.6",
        "contentHash": "TXy3SbJzGXQbxxIxCjdrp8bwEyTDImyYNpTpd6v7P3JL2Y7dno8EYG7dPezfYTa5SoWKdhbH9cbnwHHs3BR5gA=="
      },
      "System.Text.Json": {
        "type": "Direct",
        "requested": "[9.0.6, )",
        "resolved": "9.0.6",
        "contentHash": "h+ZtYTyTnTh5Ju6mHCKb3FPGx4ylJZgm9W7Y2psUnkhQRPMOIxX+TCN0ZgaR/+Yea+93XHWAaMzYTar1/EHIPg=="
      },
      "ZLinq": {
        "type": "Direct",
        "requested": "[1.4.12, )",
        "resolved": "1.4.12",
        "contentHash": "/Ibt52Bys+WM5suxl8JBik64IQoGshPPK2s6UoxAJGRm6PVdBa+HKIzcxfamkRuELBcmiFtx1RZeocQpqhSH/A=="
      }
    },
    "net9.0/linux-x64": {},
    "net9.0/win-x64": {}
  }
}